
Microsoft Visual Studio Solution File, Format Version 12.00
# Visual Studio 15
VisualStudioVersion = 15.0.28307.645
MinimumVisualStudioVersion = 10.0.40219.1
Project("{8BC9CEB8-8B4A-11D0-8D11-00A0C91BC942}") = "datap", "datap.vcxproj", "{966F6897-755F-4014-93EC-4EA331C8EE38}"
EndProject
Project("{8BC9CEB8-8B4A-11D0-8D11-00A0C91BC942}") = "datapTests", "datapTests\datapTests.vcxproj", "{D62190EB-4EA2-47BE-80F1-EC91F71A0020}"
EndProject
Global
	GlobalSection(SolutionConfigurationPlatforms) = preSolution
		Debug|x64 = Debug|x64
		Debug|x86 = Debug|x86
		Release|x64 = Release|x64
		Release|x86 = Release|x86
	EndGlobalSection
	GlobalSection(ProjectConfigurationPlatforms) = postSolution
		{966F6897-755F-4014-93EC-4EA331C8EE38}.Debug|x64.ActiveCfg = Debug|x64
		{966F6897-755F-4014-93EC-4EA331C8EE38}.Debug|x64.Build.0 = Debug|x64
		{966F6897-755F-4014-93EC-4EA331C8EE38}.Debug|x86.ActiveCfg = Debug|Win32
		{966F6897-755F-4014-93EC-4EA331C8EE38}.Debug|x86.Build.0 = Debug|Win32
		{966F6897-755F-4014-93EC-4EA331C8EE38}.Release|x64.ActiveCfg = Release|x64
		{966F6897-755F-4014-93EC-4EA331C8EE38}.Release|x64.Build.0 = Release|x64
		{966F6897-755F-4014-93EC-4EA331C8EE38}.Release|x86.ActiveCfg = Release|Win32
		{966F6897-755F-4014-93EC-4EA331C8EE38}.Release|x86.Build.0 = Release|Win32
		{D62190EB-4EA2-47BE-80F1-EC91F71A0020}.Debug|x64.ActiveCfg = Debug|x64
		{D62190EB-4EA2-47BE-80F1-EC91F71A0020}.Debug|x64.Build.0 = Debug|x64
		{D62190EB-4EA2-47BE-80F1-EC91F71A0020}.Debug|x86.ActiveCfg = Debug|Win32
		{D62190EB-4EA2-47BE-80F1-EC91F71A0020}.Debug|x86.Build.0 = Debug|Win32
		{D62190EB-4EA2-47BE-80F1-EC91F71A0020}.Release|x64.ActiveCfg = Release|x64
		{D62190EB-4EA2-47BE-80F1-EC91F71A0020}.Release|x64.Build.0 = Release|x64
		{D62190EB-4EA2-47BE-80F1-EC91F71A0020}.Release|x86.ActiveCfg = Release|Win32
		{D62190EB-4EA2-47BE-80F1-EC91F71A0020}.Release|x86.Build.0 = Release|Win32
	EndGlobalSection
	GlobalSection(SolutionProperties) = preSolution
		HideSolutionNode = FALSE
	EndGlobalSection
	GlobalSection(ExtensibilityGlobals) = postSolution
		SolutionGuid = {24350F6D-23EB-469A-B867-24F8B7404914}
	EndGlobalSection
EndGlobal
